// !$*UTF8*$!
{
	archiveVersion = 1;
	classes = {
	};
	objectVersion = 48;
	objects = {

/* Begin PBXBuildFile section */
		444CBDEA1F9A59E2007C7815 /* AppDelegate.swift in Sources */ = {isa = PBXBuildFile; fileRef = 444CBDE91F9A59E2007C7815 /* AppDelegate.swift */; };
		444CBDEC1F9A59E2007C7815 /* ViewController.swift in Sources */ = {isa = PBXBuildFile; fileRef = 444CBDEB1F9A59E2007C7815 /* ViewController.swift */; };
		444CBDEF1F9A59E2007C7815 /* Main.storyboard in Resources */ = {isa = PBXBuildFile; fileRef = 444CBDED1F9A59E2007C7815 /* Main.storyboard */; };
		444CBDF11F9A59E2007C7815 /* Assets.xcassets in Resources */ = {isa = PBXBuildFile; fileRef = 444CBDF01F9A59E2007C7815 /* Assets.xcassets */; };
		444CBDF41F9A59E2007C7815 /* LaunchScreen.storyboard in Resources */ = {isa = PBXBuildFile; fileRef = 444CBDF21F9A59E2007C7815 /* LaunchScreen.storyboard */; };
/* End PBXBuildFile section */

/* Begin PBXFileReference section */
		444CBDE61F9A59E2007C7815 /* testwork.app */ = {isa = PBXFileReference; explicitFileType = wrapper.application; includeInIndex = 0; path = testwork.app; sourceTree = BUILT_PRODUCTS_DIR; };
		444CBDE91F9A59E2007C7815 /* AppDelegate.swift */ = {isa = PBXFileReference; lastKnownFileType = sourcecode.swift; path = AppDelegate.swift; sourceTree = "<group>"; };
		444CBDEB1F9A59E2007C7815 /* ViewController.swift */ = {isa = PBXFileReference; lastKnownFileType = sourcecode.swift; path = ViewController.swift; sourceTree = "<group>"; };
		444CBDEE1F9A59E2007C7815 /* Base */ = {isa = PBXFileReference; lastKnownFileType = file.storyboard; name = Base; path = Base.lproj/Main.storyboard; sourceTree = "<group>"; };
		444CBDF01F9A59E2007C7815 /* Assets.xcassets */ = {isa = PBXFileReference; lastKnownFileType = folder.assetcatalog; path = Assets.xcassets; sourceTree = "<group>"; };
		444CBDF31F9A59E2007C7815 /* Base */ = {isa = PBXFileReference; lastKnownFileType = file.storyboard; name = Base; path = Base.lproj/LaunchScreen.storyboard; sourceTree = "<group>"; };
		444CBDF51F9A59E2007C7815 /* Info.plist */ = {isa = PBXFileReference; lastKnownFileType = text.plist.xml; path = Info.plist; sourceTree = "<group>"; };
/* End PBXFileReference section */

/* Begin PBXFrameworksBuildPhase section */
		444CBDE31F9A59E2007C7815 /* Frameworks */ = {
			isa = PBXFrameworksBuildPhase;
			buildActionMask = 2147483647;
			files = (
			);
			runOnlyForDeploymentPostprocessing = 0;
		};
/* End PBXFrameworksBuildPhase section */

/* Begin PBXGroup section */
		444CBDDD1F9A59E2007C7815 = {
			isa = PBXGroup;
			children = (
				444CBDE81F9A59E2007C7815 /* testwork */,
				444CBDE71F9A59E2007C7815 /* Products */,
			);
			sourceTree = "<group>";
		};
		444CBDE71F9A59E2007C7815 /* Products */ = {
			isa = PBXGroup;
			children = (
				444CBDE61F9A59E2007C7815 /* testwork.app */,
			);
			name = Products;
			sourceTree = "<group>";
		};
		444CBDE81F9A59E2007C7815 /* testwork */ = {
			isa = PBXGroup;
			children = (
				444CBDE91F9A59E2007C7815 /* AppDelegate.swift */,
				444CBDEB1F9A59E2007C7815 /* ViewController.swift */,
				444CBDED1F9A59E2007C7815 /* Main.storyboard */,
				444CBDF01F9A59E2007C7815 /* Assets.xcassets */,
				444CBDF21F9A59E2007C7815 /* LaunchScreen.storyboard */,
				444CBDF51F9A59E2007C7815 /* Info.plist */,
			);
			path = testwork;
			sourceTree = "<group>";
		};
/* End PBXGroup section */

/* Begin PBXNativeTarget section */
		444CBDE51F9A59E2007C7815 /* testwork */ = {
			isa = PBXNativeTarget;
			buildConfigurationList = 444CBDF81F9A59E2007C7815 /* Build configuration list for PBXNativeTarget "testwork" */;
			buildPhases = (
				444CBDE21F9A59E2007C7815 /* Sources */,
				444CBDE31F9A59E2007C7815 /* Frameworks */,
				444CBDE41F9A59E2007C7815 /* Resources */,
			);
			buildRules = (
			);
			dependencies = (
			);
			name = testwork;
			productName = testwork;
			productReference = 444CBDE61F9A59E2007C7815 /* testwork.app */;
			productType = "com.apple.product-type.application";
		};
/* End PBXNativeTarget section */

/* Begin PBXProject section */
		444CBDDE1F9A59E2007C7815 /* Project object */ = {
			isa = PBXProject;
			attributes = {
				LastSwiftUpdateCheck = 0900;
				LastUpgradeCheck = 0900;
				ORGANIZATIONNAME = soeb;
				TargetAttributes = {
					444CBDE51F9A59E2007C7815 = {
						CreatedOnToolsVersion = 9.0.1;
						ProvisioningStyle = Automatic;
					};
				};
			};
			buildConfigurationList = 444CBDE11F9A59E2007C7815 /* Build configuration list for PBXProject "testwork" */;
			compatibilityVersion = "Xcode 8.0";
			developmentRegion = en;
			hasScannedForEncodings = 0;
			knownRegions = (
				en,
				Base,
			);
			mainGroup = 444CBDDD1F9A59E2007C7815;
			productRefGroup = 444CBDE71F9A59E2007C7815 /* Products */;
			projectDirPath = "";
			projectRoot = "";
			targets = (
				444CBDE51F9A59E2007C7815 /* testwork */,
			);
		};
/* End PBXProject section */

/* Begin PBXResourcesBuildPhase section */
		444CBDE41F9A59E2007C7815 /* Resources */ = {
			isa = PBXResourcesBuildPhase;
			buildActionMask = 2147483647;
			files = (
				444CBDF41F9A59E2007C7815 /* LaunchScreen.storyboard in Resources */,
				444CBDF11F9A59E2007C7815 /* Assets.xcassets in Resources */,
				444CBDEF1F9A59E2007C7815 /* Main.storyboard in Resources */,
			);
			runOnlyForDeploymentPostprocessing = 0;
		};
/* End PBXResourcesBuildPhase section */

/* Begin PBXSourcesBuildPhase section */
		444CBDE21F9A59E2007C7815 /* Sources */ = {
			isa = PBXSourcesBuildPhase;
			buildActionMask = 2147483647;
			files = (
				444CBDEC1F9A59E2007C7815 /* ViewController.swift in Sources */,
				444CBDEA1F9A59E2007C7815 /* AppDelegate.swift in Sources */,
			);
			runOnlyForDeploymentPostprocessing = 0;
		};
/* End PBXSourcesBuildPhase section */

/* Begin PBXVariantGroup section */
		444CBDED1F9A59E2007C7815 /* Main.storyboard */ = {
			isa = PBXVariantGroup;
			children = (
				444CBDEE1F9A59E2007C7815 /* Base */,
			);
			name = Main.storyboard;
			sourceTree = "<group>";
		};
		444CBDF21F9A59E2007C7815 /* LaunchScreen.storyboard */ = {
			isa = PBXVariantGroup;
			children = (
				444CBDF31F9A59E2007C7815 /* Base */,
			);
			name = LaunchScreen.storyboard;
			sourceTree = "<group>";
		};
/* End PBXVariantGroup section */

/* Begin XCBuildConfiguration section */
		444CBDF61F9A59E2007C7815 /* Debug */ = {
			isa = XCBuildConfiguration;
			buildSettings = {
				ALWAYS_SEARCH_USER_PATHS = NO;
				CLANG_ANALYZER_NONNULL = YES;
				CLANG_ANALYZER_NUMBER_OBJECT_CONVERSION = YES_AGGRESSIVE;
				CLANG_CXX_LANGUAGE_STANDARD = "gnu++14";
				CLANG_CXX_LIBRARY = "libc++";
				CLANG_ENABLE_MODULES = YES;
				CLANG_ENABLE_OBJC_ARC = YES;
				CLANG_WARN_BLOCK_CAPTURE_AUTORELEASING = YES;
				CLANG_WARN_BOOL_CONVERSION = YES;
				CLANG_WARN_COMMA = YES;
				CLANG_WARN_CONSTANT_CONVERSION = YES;
				CLANG_WARN_DIRECT_OBJC_ISA_USAGE = YES_ERROR;
				CLANG_WARN_DOCUMENTATION_COMMENTS = YES;
				CLANG_WARN_EMPTY_BODY = YES;
				CLANG_WARN_ENUM_CONVERSION = YES;
				CLANG_WARN_INFINITE_RECURSION = YES;
				CLANG_WARN_INT_CONVERSION = YES;
				CLANG_WARN_NON_LITERAL_NULL_CONVERSION = YES;
				CLANG_WARN_OBJC_LITERAL_CONVERSION = YES;
				CLANG_WARN_OBJC_ROOT_CLASS = YES_ERROR;
				CLANG_WARN_RANGE_LOOP_ANALYSIS = YES;
				CLANG_WARN_STRICT_PROTOTYPES = YES;
				CLANG_WARN_SUSPICIOUS_MOVE = YES;
				CLANG_WARN_UNGUARDED_AVAILABILITY = YES_AGGRESSIVE;
				CLANG_WARN_UNREACHABLE_CODE = YES;
				CLANG_WARN__DUPLICATE_METHOD_MATCH = YES;
				CODE_SIGN_IDENTITY = "iPhone Developer";
				COPY_PHASE_STRIP = NO;
				DEBUG_INFORMATION_FORMAT = dwarf;
				ENABLE_STRICT_OBJC_MSGSEND = YES;
				ENABLE_TESTABILITY = YES;
				GCC_C_LANGUAGE_STANDARD = gnu11;
				GCC_DYNAMIC_NO_PIC = NO;
				GCC_NO_COMMON_BLOCKS = YES;
				GCC_OPTIMIZATION_LEVEL = 0;
				GCC_PREPROCESSOR_DEFINITIONS = (
					"DEBUG=1",
					"$(inherited)",
				);
				GCC_WARN_64_TO_32_BIT_CONVERSION = YES;
				GCC_WARN_ABOUT_RETURN_TYPE = YES_ERROR;
				GCC_WARN_UNDECLARED_SELECTOR = YES;
				GCC_WARN_UNINITIALIZED_AUTOS = YES_AGGRESSIVE;
				GCC_WARN_UNUSED_FUNCTION = YES;
				GCC_WARN_UNUSED_VARIABLE = YES;
				IPHONEOS_DEPLOYMENT_TARGET = 11.0;
				MTL_ENABLE_DEBUG_INFO = YES;
				ONLY_ACTIVE_ARCH = YES;
				SDKROOT = iphoneos;
				SWIFT_ACTIVE_COMPILATION_CONDITIONS = DEBUG;
				SWIFT_OPTIMIZATION_LEVEL = "-Onone";
			};
			name = Debug;
		};
		444CBDF71F9A59E2007C7815 /* Release */ = {
			isa = XCBuildConfiguration;
			buildSettings = {
				ALWAYS_SEARCH_USER_PATHS = NO;
				CLANG_ANALYZER_NONNULL = YES;
				CLANG_ANALYZER_NUMBER_OBJECT_CONVERSION = YES_AGGRESSIVE;
				CLANG_CXX_LANGUAGE_STANDARD = "gnu++14";
				CLANG_CXX_LIBRARY = "libc++";
				CLANG_ENABLE_MODULES = YES;
				CLANG_ENABLE_OBJC_ARC = YES;
				CLANG_WARN_BLOCK_CAPTURE_AUTORELEASING = YES;
				CLANG_WARN_BOOL_CONVERSION = YES;
				CLANG_WARN_COMMA = YES;
				CLANG_WARN_CONSTANT_CONVERSION = YES;
				CLANG_WARN_DIRECT_OBJC_ISA_USAGE = YES_ERROR;
				CLANG_WARN_DOCUMENTATION_COMMENTS = YES;
				CLANG_WARN_EMPTY_BODY = YES;
				CLANG_WARN_ENUM_CONVERSION = YES;
				CLANG_WARN_INFINITE_RECURSION = YES;
				CLANG_WARN_INT_CONVERSION = YES;
				CLANG_WARN_NON_LITERAL_NULL_CONVERSION = YES;
				CLANG_WARN_OBJC_LITERAL_CONVERSION = YES;
				CLANG_WARN_OBJC_ROOT_CLASS = YES_ERROR;
				CLANG_WARN_RANGE_LOOP_ANALYSIS = YES;
				CLANG_WARN_STRICT_PROTOTYPES = YES;
				CLANG_WARN_SUSPICIOUS_MOVE = YES;
				CLANG_WARN_UNGUARDED_AVAILABILITY = YES_AGGRESSIVE;
				CLANG_WARN_UNREACHABLE_CODE = YES;
				CLANG_WARN__DUPLICATE_METHOD_MATCH = YES;
				CODE_SIGN_IDENTITY = "iPhone Developer";
				COPY_PHASE_STRIP = NO;
				DEBUG_INFORMATION_FORMAT = "dwarf-with-dsym";
				ENABLE_NS_ASSERTIONS = NO;
				ENABLE_STRICT_OBJC_MSGSEND = YES;
				GCC_C_LANGUAGE_STANDARD = gnu11;
				GCC_NO_COMMON_BLOCKS = YES;
				GCC_WARN_64_TO_32_BIT_CONVERSION = YES;
				GCC_WARN_ABOUT_RETURN_TYPE = YES_ERROR;
				GCC_WARN_UNDECLARED_SELECTOR = YES;
				GCC_WARN_UNINITIALIZED_AUTOS = YES_AGGRESSIVE;
				GCC_WARN_UNUSED_FUNCTION = YES;
				GCC_WARN_UNUSED_VARIABLE = YES;
				IPHONEOS_DEPLOYMENT_TARGET = 11.0;
				MTL_ENABLE_DEBUG_INFO = NO;
				SDKROOT = iphoneos;
				SWIFT_OPTIMIZATION_LEVEL = "-Owholemodule";
				VALIDATE_PRODUCT = YES;
			};
			name = Release;
		};
		444CBDF91F9A59E2007C7815 /* Debug */ = {
			isa = XCBuildConfiguration;
			buildSettings = {
				ASSETCATALOG_COMPILER_APPICON_NAME = AppIcon;
				CODE_SIGN_STYLE = Automatic;
				DEVELOPMENT_TEAM = AQUUD282KH;
				INFOPLIST_FILE = testwork/Info.plist;
				LD_RUNPATH_SEARCH_PATHS = "$(inherited) @executable_path/Frameworks";
				PRODUCT_BUNDLE_IDENTIFIER = com.eleisure.mapdealz.testwork;
				PRODUCT_NAME = "$(TARGET_NAME)";
				SWIFT_VERSION = 4.0;
				TARGETED_DEVICE_FAMILY = "1,2";
			};
			name = Debug;
		};
		444CBDFA1F9A59E2007C7815 /* Release */ = {
			isa = XCBuildConfiguration;
			buildSettings = {
				ASSETCATALOG_COMPILER_APPICON_NAME = AppIcon;
				CODE_SIGN_STYLE = Automatic;
				DEVELOPMENT_TEAM = AQUUD282KH;
				INFOPLIST_FILE = testwork/Info.plist;
				LD_RUNPATH_SEARCH_PATHS = "$(inherited) @executable_path/Frameworks";
				PRODUCT_BUNDLE_IDENTIFIER = com.eleisure.mapdealz.testwork;
				PRODUCT_NAME = "$(TARGET_NAME)";
				SWIFT_VERSION = 4.0;
				TARGETED_DEVICE_FAMILY = "1,2";
			};
			name = Release;
		};
/* End XCBuildConfiguration section */

/* Begin XCConfigurationList section */
		444CBDE11F9A59E2007C7815 /* Build configuration list for PBXProject "testwork" */ = {
			isa = XCConfigurationList;
			buildConfigurations = (
				444CBDF61F9A59E2007C7815 /* Debug */,
				444CBDF71F9A59E2007C7815 /* Release */,
			);
			defaultConfigurationIsVisible = 0;
			defaultConfigurationName = Release;
		};
		444CBDF81F9A59E2007C7815 /* Build configuration list for PBXNativeTarget "testwork" */ = {
			isa = XCConfigurationList;
			buildConfigurations = (
				444CBDF91F9A59E2007C7815 /* Debug */,
				444CBDFA1F9A59E2007C7815 /* Release */,
			);
			defaultConfigurationIsVisible = 0;
			defaultConfigurationName = Release;
		};
/* End XCConfigurationList section */
	};
	rootObject = 444CBDDE1F9A59E2007C7815 /* Project object */;
}
